{
  "version": 4,
  "terraform_version": "1.11.3",
  "serial": 8,
  "lineage": "4e53bdb3-88c6-837b-9829-ea7234620136",
  "outputs": {},
  "resources": [
    {
      "mode": "managed",
      "type": "aws_apprunner_service",
      "name": "nginx-webapp",
      "provider": "provider[\"registry.terraform.io/hashicorp/aws\"]",
      "instances": [
        {
          "schema_version": 0,
          "attributes": {
            "arn": "arn:aws:apprunner:eu-west-2:891377361231:service/nginx-webapp/cd922241b5d449878dceb09d68735006",
            "auto_scaling_configuration_arn": "arn:aws:apprunner:eu-west-2:891377361231:autoscalingconfiguration/DefaultConfiguration/1/00000000000000000000000000000001",
            "encryption_configuration": [],
            "health_check_configuration": [
              {
                "healthy_threshold": 1,
                "interval": 5,
                "path": "/",
                "protocol": "TCP",
                "timeout": 2,
                "unhealthy_threshold": 5
              }
            ],
            "id": "arn:aws:apprunner:eu-west-2:891377361231:service/nginx-webapp/cd922241b5d449878dceb09d68735006",
            "instance_configuration": [
              {
                "cpu": "1024",
                "instance_role_arn": "",
                "memory": "2048"
              }
            ],
            "network_configuration": [
              {
                "egress_configuration": [
                  {
                    "egress_type": "DEFAULT",
                    "vpc_connector_arn": ""
                  }
                ],
                "ingress_configuration": [
                  {
                    "is_publicly_accessible": true
                  }
                ],
                "ip_address_type": "IPV4"
              }
            ],
            "observability_configuration": [],
            "service_id": "cd922241b5d449878dceb09d68735006",
            "service_name": "nginx-webapp",
            "service_url": "t33nd7ypbn.eu-west-2.awsapprunner.com",
            "source_configuration": [
              {
                "authentication_configuration": [
                  {
                    "access_role_arn": "arn:aws:iam::891377361231:role/myroles",
                    "connection_arn": ""
                  }
                ],
                "auto_deployments_enabled": true,
                "code_repository": [],
                "image_repository": [
                  {
                    "image_configuration": [
                      {
                        "port": "80",
                        "runtime_environment_secrets": null,
                        "runtime_environment_variables": null,
                        "start_command": ""
                      }
                    ],
                    "image_identifier": "891377361231.dkr.ecr.eu-west-2.amazonaws.com/prod/web-app:v1",
                    "image_repository_type": "ECR"
                  }
                ]
              }
            ],
            "status": "RUNNING",
            "tags": null,
            "tags_all": {}
          },
          "sensitive_attributes": [],
          "private": "bnVsbA==",
          "dependencies": [
            "aws_iam_role.myroles"
          ]
        }
      ]
    },
    {
      "mode": "managed",
      "type": "aws_iam_role",
      "name": "myroles",
      "provider": "provider[\"registry.terraform.io/hashicorp/aws\"]",
      "instances": [
        {
          "schema_version": 0,
          "attributes": {
            "arn": "arn:aws:iam::891377361231:role/myroles",
            "assume_role_policy": "{\"Statement\":[{\"Action\":\"sts:AssumeRole\",\"Effect\":\"Allow\",\"Principal\":{\"Service\":\"build.apprunner.amazonaws.com\"}}],\"Version\":\"2012-10-17\"}",
            "create_date": "2025-04-04T14:51:09Z",
            "description": "",
            "force_detach_policies": false,
            "id": "myroles",
            "inline_policy": [],
            "managed_policy_arns": [
              "arn:aws:iam::aws:policy/service-role/AWSAppRunnerServicePolicyForECRAccess"
            ],
            "max_session_duration": 3600,
            "name": "myroles",
            "name_prefix": "",
            "path": "/",
            "permissions_boundary": "",
            "tags": {},
            "tags_all": {},
            "unique_id": "AROA47CR3EFH65UKLVAOF"
          },
          "sensitive_attributes": [],
          "private": "bnVsbA=="
        }
      ]
    },
    {
      "mode": "managed",
      "type": "aws_iam_role_policy_attachment",
      "name": "myrolespolicy",
      "provider": "provider[\"registry.terraform.io/hashicorp/aws\"]",
      "instances": [
        {
          "schema_version": 0,
          "attributes": {
            "id": "myroles-20250404145110667400000001",
            "policy_arn": "arn:aws:iam::aws:policy/service-role/AWSAppRunnerServicePolicyForECRAccess",
            "role": "myroles"
          },
          "sensitive_attributes": [],
          "private": "bnVsbA==",
          "dependencies": [
            "aws_iam_role.myroles"
          ]
        }
      ]
    },
    {
      "mode": "managed",
      "type": "time_sleep",
      "name": "waitrolecreate",
      "provider": "provider[\"registry.terraform.io/hashicorp/time\"]",
      "instances": [
        {
          "schema_version": 0,
          "attributes": {
            "create_duration": "60s",
            "destroy_duration": null,
            "id": "2025-04-04T14:52:10Z",
            "triggers": null
          },
          "sensitive_attributes": [],
          "dependencies": [
            "aws_iam_role.myroles"
          ]
        }
      ]
    },
    {
      "module": "module.ecr-repo",
      "mode": "managed",
      "type": "aws_ecr_repository",
      "name": "ecr",
      "provider": "provider[\"registry.terraform.io/hashicorp/aws\"]",
      "instances": [
        {
          "index_key": "demoapp/frontend",
          "schema_version": 0,
          "attributes": {
            "arn": "arn:aws:ecr:eu-west-2:891377361231:repository/demoapp/frontend",
            "encryption_configuration": [
              {
                "encryption_type": "KMS",
                "kms_key": "arn:aws:kms:eu-west-2:891377361231:key/ab05480a-f00b-4c49-a97f-fee92d3567d1"
              }
            ],
            "force_delete": null,
            "id": "demoapp/frontend",
            "image_scanning_configuration": [
              {
                "scan_on_push": true
              }
            ],
            "image_tag_mutability": "IMMUTABLE",
            "name": "demoapp/frontend",
            "registry_id": "891377361231",
            "repository_url": "891377361231.dkr.ecr.eu-west-2.amazonaws.com/demoapp/frontend",
            "tags": {
              "environment": "development"
            },
            "tags_all": {
              "environment": "development"
            },
            "timeouts": null
          },
          "sensitive_attributes": [],
          "private": "eyJlMmJmYjczMC1lY2FhLTExZTYtOGY4OC0zNDM2M2JjN2M0YzAiOnsiZGVsZXRlIjoxMjAwMDAwMDAwMDAwfX0="
        }
      ]
    }
  ],
  "check_results": null
}
